# This file is automatically @generated by Cargo.
# It is not intended for manual editing.
version = 4

[[package]]
name = "rack_ai_application"
version = "0.1.0"
dependencies = [
 "rack_ai_domain",
]

[[package]]
name = "rack_ai_cli"
version = "0.1.0"
dependencies = [
 "rack_ai_infrastructure",
]

[[package]]
name = "rack_ai_domain"
version = "0.1.0"

[[package]]
name = "rack_ai_infrastructure"
version = "0.1.0"
dependencies = [
 "rack_ai_application",
 "rack_ai_domain",
]
